
Microsoft Visual Studio Solution File, Format Version 12.00
# Visual Studio Version 17
VisualStudioVersion = 17.5.33530.505
MinimumVisualStudioVersion = 10.0.40219.1
Project("{FAE04EC0-301F-11D3-BF4B-00C04F79EFBC}") = "fileManager", "fileManager\fileManager.csproj", "{C6A60A9D-7F9C-41C1-B128-03001FF62EFF}"
EndProject
Global
	GlobalSection(SolutionConfigurationPlatforms) = preSolution
		Debug|Any CPU = Debug|Any CPU
		Release|Any CPU = Release|Any CPU
	EndGlobalSection
	GlobalSection(ProjectConfigurationPlatforms) = postSolution
		{C6A60A9D-7F9C-41C1-B128-03001FF62EFF}.Debug|Any CPU.ActiveCfg = Debug|Any CPU
		{C6A60A9D-7F9C-41C1-B128-03001FF62EFF}.Debug|Any CPU.Build.0 = Debug|Any CPU
		{C6A60A9D-7F9C-41C1-B128-03001FF62EFF}.Release|Any CPU.ActiveCfg = Release|Any CPU
		{C6A60A9D-7F9C-41C1-B128-03001FF62EFF}.Release|Any CPU.Build.0 = Release|Any CPU
	EndGlobalSection
	GlobalSection(SolutionProperties) = preSolution
		HideSolutionNode = FALSE
	EndGlobalSection
	GlobalSection(ExtensibilityGlobals) = postSolution
		SolutionGuid = {41F8D47E-6826-42C2-85D4-271C89E1A287}
	EndGlobalSection
EndGlobal
